dependencies:
- name: ingress-nginx
  repository: https://kubernetes.github.io/ingress-nginx
  version: 4.1.4
- name: nabi-cloudflared
  repository: oci://registry.internal.hikaru.app:443/helm-charts
  version: 0.4.9+BUILD.AT.Y2024.M03.D19.h20.m52.s07
- name: nabi-pwa
  repository: oci://registry.internal.hikaru.app:443/helm-charts
  version: 0.4.24+BUILD.AT.Y2024.M03.D19.h02.m35.s54
- name: nabi-tts
  repository: oci://registry.internal.hikaru.app:443/helm-charts
  version: 0.4.7+BUILD.AT.Y2024.M03.D19.h02.m43.s35
- name: nabi-nlu
  repository: oci://registry.internal.hikaru.app:443/helm-charts
  version: 0.4.10+BUILD.AT.Y2024.M03.D19.h03.m01.s17
digest: sha256:b46d8b49552acb980f19c4c2b04c71288c93cae859be80017b8c6c84055be704
generated: "2024-03-19T21:33:22.284435367-04:00"
